
Microsoft Visual Studio Solution File, Format Version 12.00
# Visual Studio Version 17
VisualStudioVersion = 17.7.34031.279
MinimumVisualStudioVersion = 10.0.40219.1
Project("{FAE04EC0-301F-11D3-BF4B-00C04F79EFBC}") = "server", "server\server.csproj", "{AA532A9E-CDCB-4CCF-B4FB-8BA8548A37B7}"
EndProject
Project("{FAE04EC0-301F-11D3-BF4B-00C04F79EFBC}") = "client", "client\client.csproj", "{F7BDA474-F30B-47CF-B467-C214C239A685}"
EndProject
Global
	GlobalSection(SolutionConfigurationPlatforms) = preSolution
		Debug|Any CPU = Debug|Any CPU
		Release|Any CPU = Release|Any CPU
	EndGlobalSection
	GlobalSection(ProjectConfigurationPlatforms) = postSolution
		{AA532A9E-CDCB-4CCF-B4FB-8BA8548A37B7}.Debug|Any CPU.ActiveCfg = Debug|Any CPU
		{AA532A9E-CDCB-4CCF-B4FB-8BA8548A37B7}.Debug|Any CPU.Build.0 = Debug|Any CPU
		{AA532A9E-CDCB-4CCF-B4FB-8BA8548A37B7}.Release|Any CPU.ActiveCfg = Release|Any CPU
		{AA532A9E-CDCB-4CCF-B4FB-8BA8548A37B7}.Release|Any CPU.Build.0 = Release|Any CPU
		{F7BDA474-F30B-47CF-B467-C214C239A685}.Debug|Any CPU.ActiveCfg = Debug|Any CPU
		{F7BDA474-F30B-47CF-B467-C214C239A685}.Debug|Any CPU.Build.0 = Debug|Any CPU
		{F7BDA474-F30B-47CF-B467-C214C239A685}.Release|Any CPU.ActiveCfg = Release|Any CPU
		{F7BDA474-F30B-47CF-B467-C214C239A685}.Release|Any CPU.Build.0 = Release|Any CPU
	EndGlobalSection
	GlobalSection(SolutionProperties) = preSolution
		HideSolutionNode = FALSE
	EndGlobalSection
	GlobalSection(ExtensibilityGlobals) = postSolution
		SolutionGuid = {A1862ADF-AF6A-4FE4-B4DE-15E7657DA130}
	EndGlobalSection
EndGlobal
